// !$*UTF8*$!
{
	archiveVersion = 1;
	classes = {
	};
	objectVersion = 46;
	objects = {

/* Begin PBXBuildFile section */
		2525073F1F5E13D700A2CB45 /* AppDelegate.swift in Sources */ = {isa = PBXBuildFile; fileRef = 2525073E1F5E13D700A2CB45 /* AppDelegate.swift */; };
		252507411F5E13D700A2CB45 /* ViewController.swift in Sources */ = {isa = PBXBuildFile; fileRef = 252507401F5E13D700A2CB45 /* ViewController.swift */; };
		252507441F5E13D700A2CB45 /* Main.storyboard in Resources */ = {isa = PBXBuildFile; fileRef = 252507421F5E13D700A2CB45 /* Main.storyboard */; };
		252507461F5E13D700A2CB45 /* Assets.xcassets in Resources */ = {isa = PBXBuildFile; fileRef = 252507451F5E13D700A2CB45 /* Assets.xcassets */; };
		252507491F5E13D700A2CB45 /* LaunchScreen.storyboard in Resources */ = {isa = PBXBuildFile; fileRef = 252507471F5E13D700A2CB45 /* LaunchScreen.storyboard */; };
		252507511F5E13F800A2CB45 /* TableViewController.swift in Sources */ = {isa = PBXBuildFile; fileRef = 252507501F5E13F800A2CB45 /* TableViewController.swift */; };
		252507541F5E16D200A2CB45 /* TableViewCell.swift in Sources */ = {isa = PBXBuildFile; fileRef = 252507521F5E16D200A2CB45 /* TableViewCell.swift */; };
		252507551F5E16D200A2CB45 /* TableViewCell.xib in Resources */ = {isa = PBXBuildFile; fileRef = 252507531F5E16D200A2CB45 /* TableViewCell.xib */; };
/* End PBXBuildFile section */

/* Begin PBXFileReference section */
		2525073B1F5E13D700A2CB45 /* TableViewDemo.app */ = {isa = PBXFileReference; explicitFileType = wrapper.application; includeInIndex = 0; path = TableViewDemo.app; sourceTree = BUILT_PRODUCTS_DIR; };
		2525073E1F5E13D700A2CB45 /* AppDelegate.swift */ = {isa = PBXFileReference; lastKnownFileType = sourcecode.swift; path = AppDelegate.swift; sourceTree = "<group>"; };
		252507401F5E13D700A2CB45 /* ViewController.swift */ = {isa = PBXFileReference; lastKnownFileType = sourcecode.swift; path = ViewController.swift; sourceTree = "<group>"; };
		252507431F5E13D700A2CB45 /* Base */ = {isa = PBXFileReference; lastKnownFileType = file.storyboard; name = Base; path = Base.lproj/Main.storyboard; sourceTree = "<group>"; };
		252507451F5E13D700A2CB45 /* Assets.xcassets */ = {isa = PBXFileReference; lastKnownFileType = folder.assetcatalog; path = Assets.xcassets; sourceTree = "<group>"; };
		252507481F5E13D700A2CB45 /* Base */ = {isa = PBXFileReference; lastKnownFileType = file.storyboard; name = Base; path = Base.lproj/LaunchScreen.storyboard; sourceTree = "<group>"; };
		2525074A1F5E13D700A2CB45 /* Info.plist */ = {isa = PBXFileReference; lastKnownFileType = text.plist.xml; path = Info.plist; sourceTree = "<group>"; };
		252507501F5E13F800A2CB45 /* TableViewController.swift */ = {isa = PBXFileReference; fileEncoding = 4; lastKnownFileType = sourcecode.swift; path = TableViewController.swift; sourceTree = "<group>"; };
		252507521F5E16D200A2CB45 /* TableViewCell.swift */ = {isa = PBXFileReference; fileEncoding = 4; lastKnownFileType = sourcecode.swift; path = TableViewCell.swift; sourceTree = "<group>"; };
		252507531F5E16D200A2CB45 /* TableViewCell.xib */ = {isa = PBXFileReference; fileEncoding = 4; lastKnownFileType = file.xib; path = TableViewCell.xib; sourceTree = "<group>"; };
/* End PBXFileReference section */

/* Begin PBXFrameworksBuildPhase section */
		252507381F5E13D700A2CB45 /* Frameworks */ = {
			isa = PBXFrameworksBuildPhase;
			buildActionMask = 2147483647;
			files = (
			);
			runOnlyForDeploymentPostprocessing = 0;
		};
/* End PBXFrameworksBuildPhase section */

/* Begin PBXGroup section */
		252507321F5E13D700A2CB45 = {
			isa = PBXGroup;
			children = (
				2525073D1F5E13D700A2CB45 /* TableViewDemo */,
				2525073C1F5E13D700A2CB45 /* Products */,
			);
			sourceTree = "<group>";
		};
		2525073C1F5E13D700A2CB45 /* Products */ = {
			isa = PBXGroup;
			children = (
				2525073B1F5E13D700A2CB45 /* TableViewDemo.app */,
			);
			name = Products;
			sourceTree = "<group>";
		};
		2525073D1F5E13D700A2CB45 /* TableViewDemo */ = {
			isa = PBXGroup;
			children = (
				2525073E1F5E13D700A2CB45 /* AppDelegate.swift */,
				252507401F5E13D700A2CB45 /* ViewController.swift */,
				252507421F5E13D700A2CB45 /* Main.storyboard */,
				252507451F5E13D700A2CB45 /* Assets.xcassets */,
				252507471F5E13D700A2CB45 /* LaunchScreen.storyboard */,
				2525074A1F5E13D700A2CB45 /* Info.plist */,
				252507501F5E13F800A2CB45 /* TableViewController.swift */,
				252507521F5E16D200A2CB45 /* TableViewCell.swift */,
				252507531F5E16D200A2CB45 /* TableViewCell.xib */,
			);
			path = TableViewDemo;
			sourceTree = "<group>";
		};
/* End PBXGroup section */

/* Begin PBXNativeTarget section */
		2525073A1F5E13D700A2CB45 /* TableViewDemo */ = {
			isa = PBXNativeTarget;
			buildConfigurationList = 2525074D1F5E13D700A2CB45 /* Build configuration list for PBXNativeTarget "TableViewDemo" */;
			buildPhases = (
				252507371F5E13D700A2CB45 /* Sources */,
				252507381F5E13D700A2CB45 /* Frameworks */,
				252507391F5E13D700A2CB45 /* Resources */,
			);
			buildRules = (
			);
			dependencies = (
			);
			name = TableViewDemo;
			productName = TableViewDemo;
			productReference = 2525073B1F5E13D700A2CB45 /* TableViewDemo.app */;
			productType = "com.apple.product-type.application";
		};
/* End PBXNativeTarget section */

/* Begin PBXProject section */
		252507331F5E13D700A2CB45 /* Project object */ = {
			isa = PBXProject;
			attributes = {
				LastSwiftUpdateCheck = 0830;
				LastUpgradeCheck = 0830;
				ORGANIZATIONNAME = karthikthota;
				TargetAttributes = {
					2525073A1F5E13D700A2CB45 = {
						CreatedOnToolsVersion = 8.3.3;
						DevelopmentTeam = DVU88648EA;
						ProvisioningStyle = Automatic;
					};
				};
			};
			buildConfigurationList = 252507361F5E13D700A2CB45 /* Build configuration list for PBXProject "TableViewDemo" */;
			compatibilityVersion = "Xcode 3.2";
			developmentRegion = English;
			hasScannedForEncodings = 0;
			knownRegions = (
				en,
				Base,
			);
			mainGroup = 252507321F5E13D700A2CB45;
			productRefGroup = 2525073C1F5E13D700A2CB45 /* Products */;
			projectDirPath = "";
			projectRoot = "";
			targets = (
				2525073A1F5E13D700A2CB45 /* TableViewDemo */,
			);
		};
/* End PBXProject section */

/* Begin PBXResourcesBuildPhase section */
		252507391F5E13D700A2CB45 /* Resources */ = {
			isa = PBXResourcesBuildPhase;
			buildActionMask = 2147483647;
			files = (
				252507491F5E13D700A2CB45 /* LaunchScreen.storyboard in Resources */,
				252507551F5E16D200A2CB45 /* TableViewCell.xib in Resources */,
				252507461F5E13D700A2CB45 /* Assets.xcassets in Resources */,
				252507441F5E13D700A2CB45 /* Main.storyboard in Resources */,
			);
			runOnlyForDeploymentPostprocessing = 0;
		};
/* End PBXResourcesBuildPhase section */

/* Begin PBXSourcesBuildPhase section */
		252507371F5E13D700A2CB45 /* Sources */ = {
			isa = PBXSourcesBuildPhase;
			buildActionMask = 2147483647;
			files = (
				252507411F5E13D700A2CB45 /* ViewController.swift in Sources */,
				252507541F5E16D200A2CB45 /* TableViewCell.swift in Sources */,
				252507511F5E13F800A2CB45 /* TableViewController.swift in Sources */,
				2525073F1F5E13D700A2CB45 /* AppDelegate.swift in Sources */,
			);
			runOnlyForDeploymentPostprocessing = 0;
		};
/* End PBXSourcesBuildPhase section */

/* Begin PBXVariantGroup section */
		252507421F5E13D700A2CB45 /* Main.storyboard */ = {
			isa = PBXVariantGroup;
			children = (
				252507431F5E13D700A2CB45 /* Base */,
			);
			name = Main.storyboard;
			sourceTree = "<group>";
		};
		252507471F5E13D700A2CB45 /* LaunchScreen.storyboard */ = {
			isa = PBXVariantGroup;
			children = (
				252507481F5E13D700A2CB45 /* Base */,
			);
			name = LaunchScreen.storyboard;
			sourceTree = "<group>";
		};
/* End PBXVariantGroup section */

/* Begin XCBuildConfiguration section */
		2525074B1F5E13D700A2CB45 /* Debug */ = {
			isa = XCBuildConfiguration;
			buildSettings = {
				ALWAYS_SEARCH_USER_PATHS = NO;
				CLANG_ANALYZER_NONNULL = YES;
				CLANG_ANALYZER_NUMBER_OBJECT_CONVERSION = YES_AGGRESSIVE;
				CLANG_CXX_LANGUAGE_STANDARD = "gnu++0x";
				CLANG_CXX_LIBRARY = "libc++";
				CLANG_ENABLE_MODULES = YES;
				CLANG_ENABLE_OBJC_ARC = YES;
				CLANG_WARN_BOOL_CONVERSION = YES;
				CLANG_WARN_CONSTANT_CONVERSION = YES;
				CLANG_WARN_DIRECT_OBJC_ISA_USAGE = YES_ERROR;
				CLANG_WARN_DOCUMENTATION_COMMENTS = YES;
				CLANG_WARN_EMPTY_BODY = YES;
				CLANG_WARN_ENUM_CONVERSION = YES;
				CLANG_WARN_INFINITE_RECURSION = YES;
				CLANG_WARN_INT_CONVERSION = YES;
				CLANG_WARN_OBJC_ROOT_CLASS = YES_ERROR;
				CLANG_WARN_SUSPICIOUS_MOVE = YES;
				CLANG_WARN_UNREACHABLE_CODE = YES;
				CLANG_WARN__DUPLICATE_METHOD_MATCH = YES;
				"CODE_SIGN_IDENTITY[sdk=iphoneos*]" = "iPhone Developer";
				COPY_PHASE_STRIP = NO;
				DEBUG_INFORMATION_FORMAT = dwarf;
				ENABLE_STRICT_OBJC_MSGSEND = YES;
				ENABLE_TESTABILITY = YES;
				GCC_C_LANGUAGE_STANDARD = gnu99;
				GCC_DYNAMIC_NO_PIC = NO;
				GCC_NO_COMMON_BLOCKS = YES;
				GCC_OPTIMIZATION_LEVEL = 0;
				GCC_PREPROCESSOR_DEFINITIONS = (
					"DEBUG=1",
					"$(inherited)",
				);
				GCC_WARN_64_TO_32_BIT_CONVERSION = YES;
				GCC_WARN_ABOUT_RETURN_TYPE = YES_ERROR;
				GCC_WARN_UNDECLARED_SELECTOR = YES;
				GCC_WARN_UNINITIALIZED_AUTOS = YES_AGGRESSIVE;
				GCC_WARN_UNUSED_FUNCTION = YES;
				GCC_WARN_UNUSED_VARIABLE = YES;
				IPHONEOS_DEPLOYMENT_TARGET = 10.3;
				MTL_ENABLE_DEBUG_INFO = YES;
				ONLY_ACTIVE_ARCH = YES;
				SDKROOT = iphoneos;
				SWIFT_ACTIVE_COMPILATION_CONDITIONS = DEBUG;
				SWIFT_OPTIMIZATION_LEVEL = "-Onone";
				TARGETED_DEVICE_FAMILY = "1,2";
			};
			name = Debug;
		};
		2525074C1F5E13D700A2CB45 /* Release */ = {
			isa = XCBuildConfiguration;
			buildSettings = {
				ALWAYS_SEARCH_USER_PATHS = NO;
				CLANG_ANALYZER_NONNULL = YES;
				CLANG_ANALYZER_NUMBER_OBJECT_CONVERSION = YES_AGGRESSIVE;
				CLANG_CXX_LANGUAGE_STANDARD = "gnu++0x";
				CLANG_CXX_LIBRARY = "libc++";
				CLANG_ENABLE_MODULES = YES;
				CLANG_ENABLE_OBJC_ARC = YES;
				CLANG_WARN_BOOL_CONVERSION = YES;
				CLANG_WARN_CONSTANT_CONVERSION = YES;
				CLANG_WARN_DIRECT_OBJC_ISA_USAGE = YES_ERROR;
				CLANG_WARN_DOCUMENTATION_COMMENTS = YES;
				CLANG_WARN_EMPTY_BODY = YES;
				CLANG_WARN_ENUM_CONVERSION = YES;
				CLANG_WARN_INFINITE_RECURSION = YES;
				CLANG_WARN_INT_CONVERSION = YES;
				CLANG_WARN_OBJC_ROOT_CLASS = YES_ERROR;
				CLANG_WARN_SUSPICIOUS_MOVE = YES;
				CLANG_WARN_UNREACHABLE_CODE = YES;
				CLANG_WARN__DUPLICATE_METHOD_MATCH = YES;
				"CODE_SIGN_IDENTITY[sdk=iphoneos*]" = "iPhone Developer";
				COPY_PHASE_STRIP = NO;
				DEBUG_INFORMATION_FORMAT = "dwarf-with-dsym";
				ENABLE_NS_ASSERTIONS = NO;
				ENABLE_STRICT_OBJC_MSGSEND = YES;
				GCC_C_LANGUAGE_STANDARD = gnu99;
				GCC_NO_COMMON_BLOCKS = YES;
				GCC_WARN_64_TO_32_BIT_CONVERSION = YES;
				GCC_WARN_ABOUT_RETURN_TYPE = YES_ERROR;
				GCC_WARN_UNDECLARED_SELECTOR = YES;
				GCC_WARN_UNINITIALIZED_AUTOS = YES_AGGRESSIVE;
				GCC_WARN_UNUSED_FUNCTION = YES;
				GCC_WARN_UNUSED_VARIABLE = YES;
				IPHONEOS_DEPLOYMENT_TARGET = 10.3;
				MTL_ENABLE_DEBUG_INFO = NO;
				SDKROOT = iphoneos;
				SWIFT_OPTIMIZATION_LEVEL = "-Owholemodule";
				TARGETED_DEVICE_FAMILY = "1,2";
				VALIDATE_PRODUCT = YES;
			};
			name = Release;
		};
		2525074E1F5E13D700A2CB45 /* Debug */ = {
			isa = XCBuildConfiguration;
			buildSettings = {
				ASSETCATALOG_COMPILER_APPICON_NAME = AppIcon;
				DEVELOPMENT_TEAM = DVU88648EA;
				INFOPLIST_FILE = TableViewDemo/Info.plist;
				LD_RUNPATH_SEARCH_PATHS = "$(inherited) @executable_path/Frameworks";
				PRODUCT_BUNDLE_IDENTIFIER = com.karthikthota.TableViewDemo;
				PRODUCT_NAME = "$(TARGET_NAME)";
				SWIFT_VERSION = 3.0;
			};
			name = Debug;
		};
		2525074F1F5E13D700A2CB45 /* Release */ = {
			isa = XCBuildConfiguration;
			buildSettings = {
				ASSETCATALOG_COMPILER_APPICON_NAME = AppIcon;
				DEVELOPMENT_TEAM = DVU88648EA;
				INFOPLIST_FILE = TableViewDemo/Info.plist;
				LD_RUNPATH_SEARCH_PATHS = "$(inherited) @executable_path/Frameworks";
				PRODUCT_BUNDLE_IDENTIFIER = com.karthikthota.TableViewDemo;
				PRODUCT_NAME = "$(TARGET_NAME)";
				SWIFT_VERSION = 3.0;
			};
			name = Release;
		};
/* End XCBuildConfiguration section */

/* Begin XCConfigurationList section */
		252507361F5E13D700A2CB45 /* Build configuration list for PBXProject "TableViewDemo" */ = {
			isa = XCConfigurationList;
			buildConfigurations = (
				2525074B1F5E13D700A2CB45 /* Debug */,
				2525074C1F5E13D700A2CB45 /* Release */,
			);
			defaultConfigurationIsVisible = 0;
			defaultConfigurationName = Release;
		};
		2525074D1F5E13D700A2CB45 /* Build configuration list for PBXNativeTarget "TableViewDemo" */ = {
			isa = XCConfigurationList;
			buildConfigurations = (
				2525074E1F5E13D700A2CB45 /* Debug */,
				2525074F1F5E13D700A2CB45 /* Release */,
			);
			defaultConfigurationIsVisible = 0;
		};
/* End XCConfigurationList section */
	};
	rootObject = 252507331F5E13D700A2CB45 /* Project object */;
}
